
Microsoft Visual Studio Solution File, Format Version 12.00
# Visual Studio 15
VisualStudioVersion = 15.0.27428.2037
MinimumVisualStudioVersion = 10.0.40219.1
Project("{FAE04EC0-301F-11D3-BF4B-00C04F79EFBC}") = "ConsignmentShopUI", "ConsignmentShopUI\ConsignmentShopUI.csproj", "{D236959C-49B3-4106-B3E5-1AE9FB1D6354}"
EndProject
Global
	GlobalSection(SolutionConfigurationPlatforms) = preSolution
		Debug|Any CPU = Debug|Any CPU
		Release|Any CPU = Release|Any CPU
	EndGlobalSection
	GlobalSection(ProjectConfigurationPlatforms) = postSolution
		{D236959C-49B3-4106-B3E5-1AE9FB1D6354}.Debug|Any CPU.ActiveCfg = Debug|Any CPU
		{D236959C-49B3-4106-B3E5-1AE9FB1D6354}.Debug|Any CPU.Build.0 = Debug|Any CPU
		{D236959C-49B3-4106-B3E5-1AE9FB1D6354}.Release|Any CPU.ActiveCfg = Release|Any CPU
		{D236959C-49B3-4106-B3E5-1AE9FB1D6354}.Release|Any CPU.Build.0 = Release|Any CPU
	EndGlobalSection
	GlobalSection(SolutionProperties) = preSolution
		HideSolutionNode = FALSE
	EndGlobalSection
	GlobalSection(ExtensibilityGlobals) = postSolution
		SolutionGuid = {17840BBB-F83A-4460-AFB2-D2169994CE6B}
	EndGlobalSection
EndGlobal
